
Microsoft Visual Studio Solution File, Format Version 12.00
# Visual Studio 2012
Project("{FAE04EC0-301F-11D3-BF4B-00C04F79EFBC}") = "Sporacid.Simplets.Webapp.Core", "Sporacid.Simplets.Webapp.Core\Sporacid.Simplets.Webapp.Core.csproj", "{DDB68A62-E4BE-4EAD-98CB-83310F843917}"
EndProject
Project("{FAE04EC0-301F-11D3-BF4B-00C04F79EFBC}") = "Sporacid.Simplets.Webapp.Tools", "Sporacid.Simplets.Webapp.Tools\Sporacid.Simplets.Webapp.Tools.csproj", "{26417F76-6185-419C-8F39-5D48F9B53E4F}"
EndProject
Project("{FAE04EC0-301F-11D3-BF4B-00C04F79EFBC}") = "Sporacid.Simplets.Webapp.Services", "Sporacid.Simplets.Webapp.Services\Sporacid.Simplets.Webapp.Services.csproj", "{61A60DBA-3101-498F-BB26-C216DE985A25}"
EndProject
Project("{2150E333-8FDC-42A3-9474-1A3956D46DE8}") = ".nuget", ".nuget", "{714F0977-5582-4225-90C0-C28BC773A786}"
	ProjectSection(SolutionItems) = preProject
		.nuget\NuGet.Config = .nuget\NuGet.Config
		.nuget\NuGet.exe = .nuget\NuGet.exe
		.nuget\NuGet.targets = .nuget\NuGet.targets
	EndProjectSection
EndProject
Project("{FAE04EC0-301F-11D3-BF4B-00C04F79EFBC}") = "Sporacid.Simplets.Webapp.Services.Tests", "Sporacid.Simplets.Webapp.Services.Tests\Sporacid.Simplets.Webapp.Services.Tests.csproj", "{146796A3-AF9C-43E1-AA7D-055E8CB0D578}"
EndProject
Project("{FAE04EC0-301F-11D3-BF4B-00C04F79EFBC}") = "Sporacid.Simplets.Webapp.App", "Sporacid.Simplets.Webapp.App\Sporacid.Simplets.Webapp.App.csproj", "{288DAC87-BEF6-49D1-8C2B-1DB573DFBB91}"
EndProject
Global
	GlobalSection(SolutionConfigurationPlatforms) = preSolution
		Debug|Any CPU = Debug|Any CPU
		Release|Any CPU = Release|Any CPU
	EndGlobalSection
	GlobalSection(ProjectConfigurationPlatforms) = postSolution
		{DDB68A62-E4BE-4EAD-98CB-83310F843917}.Debug|Any CPU.ActiveCfg = Debug|Any CPU
		{DDB68A62-E4BE-4EAD-98CB-83310F843917}.Debug|Any CPU.Build.0 = Debug|Any CPU
		{DDB68A62-E4BE-4EAD-98CB-83310F843917}.Release|Any CPU.ActiveCfg = Release|Any CPU
		{DDB68A62-E4BE-4EAD-98CB-83310F843917}.Release|Any CPU.Build.0 = Release|Any CPU
		{26417F76-6185-419C-8F39-5D48F9B53E4F}.Debug|Any CPU.ActiveCfg = Debug|Any CPU
		{26417F76-6185-419C-8F39-5D48F9B53E4F}.Debug|Any CPU.Build.0 = Debug|Any CPU
		{26417F76-6185-419C-8F39-5D48F9B53E4F}.Release|Any CPU.ActiveCfg = Release|Any CPU
		{26417F76-6185-419C-8F39-5D48F9B53E4F}.Release|Any CPU.Build.0 = Release|Any CPU
		{61A60DBA-3101-498F-BB26-C216DE985A25}.Debug|Any CPU.ActiveCfg = Debug|Any CPU
		{61A60DBA-3101-498F-BB26-C216DE985A25}.Debug|Any CPU.Build.0 = Debug|Any CPU
		{61A60DBA-3101-498F-BB26-C216DE985A25}.Release|Any CPU.ActiveCfg = Release|Any CPU
		{61A60DBA-3101-498F-BB26-C216DE985A25}.Release|Any CPU.Build.0 = Release|Any CPU
		{146796A3-AF9C-43E1-AA7D-055E8CB0D578}.Debug|Any CPU.ActiveCfg = Debug|Any CPU
		{146796A3-AF9C-43E1-AA7D-055E8CB0D578}.Debug|Any CPU.Build.0 = Debug|Any CPU
		{146796A3-AF9C-43E1-AA7D-055E8CB0D578}.Release|Any CPU.ActiveCfg = Release|Any CPU
		{146796A3-AF9C-43E1-AA7D-055E8CB0D578}.Release|Any CPU.Build.0 = Release|Any CPU
		{288DAC87-BEF6-49D1-8C2B-1DB573DFBB91}.Debug|Any CPU.ActiveCfg = Debug|Any CPU
		{288DAC87-BEF6-49D1-8C2B-1DB573DFBB91}.Debug|Any CPU.Build.0 = Debug|Any CPU
		{288DAC87-BEF6-49D1-8C2B-1DB573DFBB91}.Release|Any CPU.ActiveCfg = Release|Any CPU
		{288DAC87-BEF6-49D1-8C2B-1DB573DFBB91}.Release|Any CPU.Build.0 = Release|Any CPU
	EndGlobalSection
	GlobalSection(SolutionProperties) = preSolution
		HideSolutionNode = FALSE
	EndGlobalSection
EndGlobal
